
Microsoft Visual Studio Solution File, Format Version 12.00
# Visual Studio Version 17
VisualStudioVersion = 17.3.32929.385
MinimumVisualStudioVersion = 10.0.40219.1
Project("{FAE04EC0-301F-11D3-BF4B-00C04F79EFBC}") = "projekt", "projekt.csproj", "{61CA80BB-695C-43A7-B2ED-DABDB46FDD75}"
EndProject
Global
	GlobalSection(SolutionConfigurationPlatforms) = preSolution
		Debug|Any CPU = Debug|Any CPU
		Release|Any CPU = Release|Any CPU
	EndGlobalSection
	GlobalSection(ProjectConfigurationPlatforms) = postSolution
		{61CA80BB-695C-43A7-B2ED-DABDB46FDD75}.Debug|Any CPU.ActiveCfg = Debug|Any CPU
		{61CA80BB-695C-43A7-B2ED-DABDB46FDD75}.Debug|Any CPU.Build.0 = Debug|Any CPU
		{61CA80BB-695C-43A7-B2ED-DABDB46FDD75}.Release|Any CPU.ActiveCfg = Release|Any CPU
		{61CA80BB-695C-43A7-B2ED-DABDB46FDD75}.Release|Any CPU.Build.0 = Release|Any CPU
	EndGlobalSection
	GlobalSection(SolutionProperties) = preSolution
		HideSolutionNode = FALSE
	EndGlobalSection
	GlobalSection(ExtensibilityGlobals) = postSolution
		SolutionGuid = {26A08062-BBA3-4C77-91C3-3655AC08C9B5}
	EndGlobalSection
EndGlobal
